// !$*UTF8*$!
{
	archiveVersion = 1;
	classes = {
	};
	objectVersion = 46;
	objects = {

/* Begin PBXBuildFile section */
		598AFB51199CA200002B5E58 /* Main_iPhone.storyboard in Resources */ = {isa = PBXBuildFile; fileRef = 598AFB50199CA200002B5E58 /* Main_iPhone.storyboard */; };
		598AFB56199CA339002B5E58 /* DemoTableViewController.m in Sources */ = {isa = PBXBuildFile; fileRef = 598AFB53199CA339002B5E58 /* DemoTableViewController.m */; };
		598AFB57199CA339002B5E58 /* LabelConfigTableViewCell.m in Sources */ = {isa = PBXBuildFile; fileRef = 598AFB55199CA339002B5E58 /* LabelConfigTableViewCell.m */; };
		59CBD708199CA019000056EE /* Images.xcassets in Resources */ = {isa = PBXBuildFile; fileRef = 59CBD707199CA019000056EE /* Images.xcassets */; };
		6003F58E195388D20070C39A /* Foundation.framework in Frameworks */ = {isa = PBXBuildFile; fileRef = 6003F58D195388D20070C39A /* Foundation.framework */; };
		6003F590195388D20070C39A /* CoreGraphics.framework in Frameworks */ = {isa = PBXBuildFile; fileRef = 6003F58F195388D20070C39A /* CoreGraphics.framework */; };
		6003F592195388D20070C39A /* UIKit.framework in Frameworks */ = {isa = PBXBuildFile; fileRef = 6003F591195388D20070C39A /* UIKit.framework */; };
		6003F598195388D20070C39A /* InfoPlist.strings in Resources */ = {isa = PBXBuildFile; fileRef = 6003F596195388D20070C39A /* InfoPlist.strings */; };
		6003F59A195388D20070C39A /* main.m in Sources */ = {isa = PBXBuildFile; fileRef = 6003F599195388D20070C39A /* main.m */; };
		6003F59E195388D20070C39A /* LPAppDelegate.m in Sources */ = {isa = PBXBuildFile; fileRef = 6003F59D195388D20070C39A /* LPAppDelegate.m */; };
		6003F5A4195388D20070C39A /* Main_iPad.storyboard in Resources */ = {isa = PBXBuildFile; fileRef = 6003F5A2195388D20070C39A /* Main_iPad.storyboard */; };
		6003F5A7195388D20070C39A /* LPViewController.m in Sources */ = {isa = PBXBuildFile; fileRef = 6003F5A6195388D20070C39A /* LPViewController.m */; };
		6003F5B0195388D20070C39A /* XCTest.framework in Frameworks */ = {isa = PBXBuildFile; fileRef = 6003F5AF195388D20070C39A /* XCTest.framework */; };
		6003F5B1195388D20070C39A /* Foundation.framework in Frameworks */ = {isa = PBXBuildFile; fileRef = 6003F58D195388D20070C39A /* Foundation.framework */; };
		6003F5B2195388D20070C39A /* UIKit.framework in Frameworks */ = {isa = PBXBuildFile; fileRef = 6003F591195388D20070C39A /* UIKit.framework */; };
		6003F5BA195388D20070C39A /* InfoPlist.strings in Resources */ = {isa = PBXBuildFile; fileRef = 6003F5B8195388D20070C39A /* InfoPlist.strings */; };
		6003F5BC195388D20070C39A /* Tests.m in Sources */ = {isa = PBXBuildFile; fileRef = 6003F5BB195388D20070C39A /* Tests.m */; };
		C2B44F79B66E41DCA961E296 /* libPods-Tests.a in Frameworks */ = {isa = PBXBuildFile; fileRef = E69BAF24033C48C7976F4371 /* libPods-Tests.a */; };
		D5147BA20B9E443E9346E803 /* libPods-LPAlert.a in Frameworks */ = {isa = PBXBuildFile; fileRef = A4136817F6A145AC8DA21D95 /* libPods-LPAlert.a */; };
/* End PBXBuildFile section */

/* Begin PBXContainerItemProxy section */
		6003F5B3195388D20070C39A /* PBXContainerItemProxy */ = {
			isa = PBXContainerItemProxy;
			containerPortal = 6003F582195388D10070C39A /* Project object */;
			proxyType = 1;
			remoteGlobalIDString = 6003F589195388D20070C39A;
			remoteInfo = LPAlert;
		};
/* End PBXContainerItemProxy section */

/* Begin PBXFileReference section */
		2ECBBECE47A64FEF8BCB1CCD /* LICENSE */ = {isa = PBXFileReference; includeInIndex = 1; lastKnownFileType = text; name = LICENSE; path = ../LICENSE; sourceTree = "<group>"; };
		37604F22EED945E8B6035AF7 /* Pods-Tests.xcconfig */ = {isa = PBXFileReference; includeInIndex = 1; lastKnownFileType = text.xcconfig; name = "Pods-Tests.xcconfig"; path = "Pods/Pods-Tests.xcconfig"; sourceTree = "<group>"; };
		598AFB50199CA200002B5E58 /* Main_iPhone.storyboard */ = {isa = PBXFileReference; fileEncoding = 4; lastKnownFileType = file.storyboard; path = Main_iPhone.storyboard; sourceTree = "<group>"; };
		598AFB52199CA339002B5E58 /* DemoTableViewController.h */ = {isa = PBXFileReference; fileEncoding = 4; lastKnownFileType = sourcecode.c.h; path = DemoTableViewController.h; sourceTree = "<group>"; };
		598AFB53199CA339002B5E58 /* DemoTableViewController.m */ = {isa = PBXFileReference; fileEncoding = 4; lastKnownFileType = sourcecode.c.objc; path = DemoTableViewController.m; sourceTree = "<group>"; };
		598AFB54199CA339002B5E58 /* LabelConfigTableViewCell.h */ = {isa = PBXFileReference; fileEncoding = 4; lastKnownFileType = sourcecode.c.h; path = LabelConfigTableViewCell.h; sourceTree = "<group>"; };
		598AFB55199CA339002B5E58 /* LabelConfigTableViewCell.m */ = {isa = PBXFileReference; fileEncoding = 4; lastKnownFileType = sourcecode.c.objc; path = LabelConfigTableViewCell.m; sourceTree = "<group>"; };
		59CBD707199CA019000056EE /* Images.xcassets */ = {isa = PBXFileReference; lastKnownFileType = folder.assetcatalog; path = Images.xcassets; sourceTree = "<group>"; };
		6003F58A195388D20070C39A /* LPAlert.app */ = {isa = PBXFileReference; explicitFileType = wrapper.application; includeInIndex = 0; path = LPAlert.app; sourceTree = BUILT_PRODUCTS_DIR; };
		6003F58D195388D20070C39A /* Foundation.framework */ = {isa = PBXFileReference; lastKnownFileType = wrapper.framework; name = Foundation.framework; path = System/Library/Frameworks/Foundation.framework; sourceTree = SDKROOT; };
		6003F58F195388D20070C39A /* CoreGraphics.framework */ = {isa = PBXFileReference; lastKnownFileType = wrapper.framework; name = CoreGraphics.framework; path = System/Library/Frameworks/CoreGraphics.framework; sourceTree = SDKROOT; };
		6003F591195388D20070C39A /* UIKit.framework */ = {isa = PBXFileReference; lastKnownFileType = wrapper.framework; name = UIKit.framework; path = System/Library/Frameworks/UIKit.framework; sourceTree = SDKROOT; };
		6003F595195388D20070C39A /* LPAlert-Info.plist */ = {isa = PBXFileReference; lastKnownFileType = text.plist.xml; path = "LPAlert-Info.plist"; sourceTree = "<group>"; };
		6003F597195388D20070C39A /* en */ = {isa = PBXFileReference; lastKnownFileType = text.plist.strings; name = en; path = en.lproj/InfoPlist.strings; sourceTree = "<group>"; };
		6003F599195388D20070C39A /* main.m */ = {isa = PBXFileReference; lastKnownFileType = sourcecode.c.objc; path = main.m; sourceTree = "<group>"; };
		6003F59B195388D20070C39A /* LPAlert-Prefix.pch */ = {isa = PBXFileReference; lastKnownFileType = sourcecode.c.h; path = "LPAlert-Prefix.pch"; sourceTree = "<group>"; };
		6003F59C195388D20070C39A /* LPAppDelegate.h */ = {isa = PBXFileReference; lastKnownFileType = sourcecode.c.h; path = LPAppDelegate.h; sourceTree = "<group>"; };
		6003F59D195388D20070C39A /* LPAppDelegate.m */ = {isa = PBXFileReference; lastKnownFileType = sourcecode.c.objc; path = LPAppDelegate.m; sourceTree = "<group>"; };
		6003F5A3195388D20070C39A /* Base */ = {isa = PBXFileReference; lastKnownFileType = file.storyboard; name = Base; path = Base.lproj/Main_iPad.storyboard; sourceTree = "<group>"; };
		6003F5A5195388D20070C39A /* LPViewController.h */ = {isa = PBXFileReference; lastKnownFileType = sourcecode.c.h; path = LPViewController.h; sourceTree = "<group>"; };
		6003F5A6195388D20070C39A /* LPViewController.m */ = {isa = PBXFileReference; lastKnownFileType = sourcecode.c.objc; path = LPViewController.m; sourceTree = "<group>"; };
		6003F5AE195388D20070C39A /* Tests.xctest */ = {isa = PBXFileReference; explicitFileType = wrapper.cfbundle; includeInIndex = 0; path = Tests.xctest; sourceTree = BUILT_PRODUCTS_DIR; };
		6003F5AF195388D20070C39A /* XCTest.framework */ = {isa = PBXFileReference; lastKnownFileType = wrapper.framework; name = XCTest.framework; path = Library/Frameworks/XCTest.framework; sourceTree = DEVELOPER_DIR; };
		6003F5B7195388D20070C39A /* Tests-Info.plist */ = {isa = PBXFileReference; lastKnownFileType = text.plist.xml; path = "Tests-Info.plist"; sourceTree = "<group>"; };
		6003F5B9195388D20070C39A /* en */ = {isa = PBXFileReference; lastKnownFileType = text.plist.strings; name = en; path = en.lproj/InfoPlist.strings; sourceTree = "<group>"; };
		6003F5BB195388D20070C39A /* Tests.m */ = {isa = PBXFileReference; lastKnownFileType = sourcecode.c.objc; path = Tests.m; sourceTree = "<group>"; };
		606FC2411953D9B200FFA9A0 /* Tests-Prefix.pch */ = {isa = PBXFileReference; lastKnownFileType = sourcecode.c.h; path = "Tests-Prefix.pch"; sourceTree = "<group>"; };
		9C0D276C2E3848839B06FD0A /* README.md */ = {isa = PBXFileReference; includeInIndex = 1; lastKnownFileType = text; name = README.md; path = ../README.md; sourceTree = "<group>"; };
		A4136817F6A145AC8DA21D95 /* libPods-LPAlert.a */ = {isa = PBXFileReference; explicitFileType = archive.ar; includeInIndex = 0; path = "libPods-LPAlert.a"; sourceTree = BUILT_PRODUCTS_DIR; };
		C62543FE927B4C6884DD0B1E /* Pods-LPAlert.xcconfig */ = {isa = PBXFileReference; includeInIndex = 1; lastKnownFileType = text.xcconfig; name = "Pods-LPAlert.xcconfig"; path = "Pods/Pods-LPAlert.xcconfig"; sourceTree = "<group>"; };
		C87A837D70E24C878D063B35 /* LPAlert.podspec */ = {isa = PBXFileReference; includeInIndex = 1; lastKnownFileType = text; name = LPAlert.podspec; path = ../LPAlert.podspec; sourceTree = "<group>"; };
		E69BAF24033C48C7976F4371 /* libPods-Tests.a */ = {isa = PBXFileReference; explicitFileType = archive.ar; includeInIndex = 0; path = "libPods-Tests.a"; sourceTree = BUILT_PRODUCTS_DIR; };
/* End PBXFileReference section */

/* Begin PBXFrameworksBuildPhase section */
		6003F587195388D20070C39A /* Frameworks */ = {
			isa = PBXFrameworksBuildPhase;
			buildActionMask = 2147483647;
			files = (
				6003F590195388D20070C39A /* CoreGraphics.framework in Frameworks */,
				6003F592195388D20070C39A /* UIKit.framework in Frameworks */,
				6003F58E195388D20070C39A /* Foundation.framework in Frameworks */,
				D5147BA20B9E443E9346E803 /* libPods-LPAlert.a in Frameworks */,
			);
			runOnlyForDeploymentPostprocessing = 0;
		};
		6003F5AB195388D20070C39A /* Frameworks */ = {
			isa = PBXFrameworksBuildPhase;
			buildActionMask = 2147483647;
			files = (
				6003F5B0195388D20070C39A /* XCTest.framework in Frameworks */,
				6003F5B2195388D20070C39A /* UIKit.framework in Frameworks */,
				6003F5B1195388D20070C39A /* Foundation.framework in Frameworks */,
				C2B44F79B66E41DCA961E296 /* libPods-Tests.a in Frameworks */,
			);
			runOnlyForDeploymentPostprocessing = 0;
		};
/* End PBXFrameworksBuildPhase section */

/* Begin PBXGroup section */
		6003F581195388D10070C39A = {
			isa = PBXGroup;
			children = (
				60FF7A9C1954A5C5007DD14C /* Podspec Metadata */,
				6003F593195388D20070C39A /* LPAlert */,
				6003F5B5195388D20070C39A /* Tests */,
				6003F58C195388D20070C39A /* Frameworks */,
				6003F58B195388D20070C39A /* Products */,
				C62543FE927B4C6884DD0B1E /* Pods-LPAlert.xcconfig */,
				37604F22EED945E8B6035AF7 /* Pods-Tests.xcconfig */,
			);
			sourceTree = "<group>";
		};
		6003F58B195388D20070C39A /* Products */ = {
			isa = PBXGroup;
			children = (
				6003F58A195388D20070C39A /* LPAlert.app */,
				6003F5AE195388D20070C39A /* Tests.xctest */,
			);
			name = Products;
			sourceTree = "<group>";
		};
		6003F58C195388D20070C39A /* Frameworks */ = {
			isa = PBXGroup;
			children = (
				6003F58D195388D20070C39A /* Foundation.framework */,
				6003F58F195388D20070C39A /* CoreGraphics.framework */,
				6003F591195388D20070C39A /* UIKit.framework */,
				6003F5AF195388D20070C39A /* XCTest.framework */,
				A4136817F6A145AC8DA21D95 /* libPods-LPAlert.a */,
				E69BAF24033C48C7976F4371 /* libPods-Tests.a */,
			);
			name = Frameworks;
			sourceTree = "<group>";
		};
		6003F593195388D20070C39A /* LPAlert */ = {
			isa = PBXGroup;
			children = (
				598AFB52199CA339002B5E58 /* DemoTableViewController.h */,
				598AFB53199CA339002B5E58 /* DemoTableViewController.m */,
				598AFB54199CA339002B5E58 /* LabelConfigTableViewCell.h */,
				598AFB55199CA339002B5E58 /* LabelConfigTableViewCell.m */,
				59CBD707199CA019000056EE /* Images.xcassets */,
				6003F59C195388D20070C39A /* LPAppDelegate.h */,
				6003F59D195388D20070C39A /* LPAppDelegate.m */,
				6003F5A5195388D20070C39A /* LPViewController.h */,
				6003F5A6195388D20070C39A /* LPViewController.m */,
				6003F5A2195388D20070C39A /* Main_iPad.storyboard */,
				598AFB50199CA200002B5E58 /* Main_iPhone.storyboard */,
				6003F594195388D20070C39A /* Supporting Files */,
			);
			path = LPAlert;
			sourceTree = "<group>";
		};
		6003F594195388D20070C39A /* Supporting Files */ = {
			isa = PBXGroup;
			children = (
				6003F595195388D20070C39A /* LPAlert-Info.plist */,
				6003F596195388D20070C39A /* InfoPlist.strings */,
				6003F599195388D20070C39A /* main.m */,
				6003F59B195388D20070C39A /* LPAlert-Prefix.pch */,
			);
			name = "Supporting Files";
			sourceTree = "<group>";
		};
		6003F5B5195388D20070C39A /* Tests */ = {
			isa = PBXGroup;
			children = (
				6003F5BB195388D20070C39A /* Tests.m */,
				6003F5B6195388D20070C39A /* Supporting Files */,
			);
			path = Tests;
			sourceTree = "<group>";
		};
		6003F5B6195388D20070C39A /* Supporting Files */ = {
			isa = PBXGroup;
			children = (
				6003F5B7195388D20070C39A /* Tests-Info.plist */,
				6003F5B8195388D20070C39A /* InfoPlist.strings */,
				606FC2411953D9B200FFA9A0 /* Tests-Prefix.pch */,
			);
			name = "Supporting Files";
			sourceTree = "<group>";
		};
		60FF7A9C1954A5C5007DD14C /* Podspec Metadata */ = {
			isa = PBXGroup;
			children = (
				C87A837D70E24C878D063B35 /* LPAlert.podspec */,
				9C0D276C2E3848839B06FD0A /* README.md */,
				2ECBBECE47A64FEF8BCB1CCD /* LICENSE */,
			);
			name = "Podspec Metadata";
			sourceTree = "<group>";
		};
/* End PBXGroup section */

/* Begin PBXNativeTarget section */
		6003F589195388D20070C39A /* LPAlert */ = {
			isa = PBXNativeTarget;
			buildConfigurationList = 6003F5BF195388D20070C39A /* Build configuration list for PBXNativeTarget "LPAlert" */;
			buildPhases = (
				A91309C9382D4662B90CF170 /* Check Pods Manifest.lock */,
				6003F586195388D20070C39A /* Sources */,
				6003F587195388D20070C39A /* Frameworks */,
				6003F588195388D20070C39A /* Resources */,
				567962EC5FB64FC78F8F0683 /* Copy Pods Resources */,
			);
			buildRules = (
			);
			dependencies = (
			);
			name = LPAlert;
			productName = LPAlert;
			productReference = 6003F58A195388D20070C39A /* LPAlert.app */;
			productType = "com.apple.product-type.application";
		};
		6003F5AD195388D20070C39A /* Tests */ = {
			isa = PBXNativeTarget;
			buildConfigurationList = 6003F5C2195388D20070C39A /* Build configuration list for PBXNativeTarget "Tests" */;
			buildPhases = (
				2BCA8A1F78BD419D9A782CEA /* Check Pods Manifest.lock */,
				6003F5AA195388D20070C39A /* Sources */,
				6003F5AB195388D20070C39A /* Frameworks */,
				6003F5AC195388D20070C39A /* Resources */,
				3F92B16DF5B54544A9878146 /* Copy Pods Resources */,
			);
			buildRules = (
			);
			dependencies = (
				6003F5B4195388D20070C39A /* PBXTargetDependency */,
			);
			name = Tests;
			productName = LPAlertTests;
			productReference = 6003F5AE195388D20070C39A /* Tests.xctest */;
			productType = "com.apple.product-type.bundle.unit-test";
		};
/* End PBXNativeTarget section */

/* Begin PBXProject section */
		6003F582195388D10070C39A /* Project object */ = {
			isa = PBXProject;
			attributes = {
				CLASSPREFIX = LP;
				LastUpgradeCheck = 0510;
				ORGANIZATIONNAME = lansdon;
				TargetAttributes = {
					6003F5AD195388D20070C39A = {
						TestTargetID = 6003F589195388D20070C39A;
					};
				};
			};
			buildConfigurationList = 6003F585195388D10070C39A /* Build configuration list for PBXProject "LPAlert" */;
			compatibilityVersion = "Xcode 3.2";
			developmentRegion = English;
			hasScannedForEncodings = 0;
			knownRegions = (
				en,
				Base,
			);
			mainGroup = 6003F581195388D10070C39A;
			productRefGroup = 6003F58B195388D20070C39A /* Products */;
			projectDirPath = "";
			projectRoot = "";
			targets = (
				6003F589195388D20070C39A /* LPAlert */,
				6003F5AD195388D20070C39A /* Tests */,
			);
		};
/* End PBXProject section */

/* Begin PBXResourcesBuildPhase section */
		6003F588195388D20070C39A /* Resources */ = {
			isa = PBXResourcesBuildPhase;
			buildActionMask = 2147483647;
			files = (
				6003F5A4195388D20070C39A /* Main_iPad.storyboard in Resources */,
				598AFB51199CA200002B5E58 /* Main_iPhone.storyboard in Resources */,
				59CBD708199CA019000056EE /* Images.xcassets in Resources */,
				6003F598195388D20070C39A /* InfoPlist.strings in Resources */,
			);
			runOnlyForDeploymentPostprocessing = 0;
		};
		6003F5AC195388D20070C39A /* Resources */ = {
			isa = PBXResourcesBuildPhase;
			buildActionMask = 2147483647;
			files = (
				6003F5BA195388D20070C39A /* InfoPlist.strings in Resources */,
			);
			runOnlyForDeploymentPostprocessing = 0;
		};
/* End PBXResourcesBuildPhase section */

/* Begin PBXShellScriptBuildPhase section */
		2BCA8A1F78BD419D9A782CEA /* Check Pods Manifest.lock */ = {
			isa = PBXShellScriptBuildPhase;
			buildActionMask = 2147483647;
			files = (
			);
			inputPaths = (
			);
			name = "Check Pods Manifest.lock";
			outputPaths = (
			);
			runOnlyForDeploymentPostprocessing = 0;
			shellPath = /bin/sh;
			shellScript = "diff \"${PODS_ROOT}/../Podfile.lock\" \"${PODS_ROOT}/Manifest.lock\" > /dev/null\nif [[ $? != 0 ]] ; then\n    cat << EOM\nerror: The sandbox is not in sync with the Podfile.lock. Run 'pod install' or update your CocoaPods installation.\nEOM\n    exit 1\nfi\n";
			showEnvVarsInLog = 0;
		};
		3F92B16DF5B54544A9878146 /* Copy Pods Resources */ = {
			isa = PBXShellScriptBuildPhase;
			buildActionMask = 2147483647;
			files = (
			);
			inputPaths = (
			);
			name = "Copy Pods Resources";
			outputPaths = (
			);
			runOnlyForDeploymentPostprocessing = 0;
			shellPath = /bin/sh;
			shellScript = "\"${SRCROOT}/Pods/Pods-Tests-resources.sh\"\n";
			showEnvVarsInLog = 0;
		};
		567962EC5FB64FC78F8F0683 /* Copy Pods Resources */ = {
			isa = PBXShellScriptBuildPhase;
			buildActionMask = 2147483647;
			files = (
			);
			inputPaths = (
			);
			name = "Copy Pods Resources";
			outputPaths = (
			);
			runOnlyForDeploymentPostprocessing = 0;
			shellPath = /bin/sh;
			shellScript = "\"${SRCROOT}/Pods/Pods-LPAlert-resources.sh\"\n";
			showEnvVarsInLog = 0;
		};
		A91309C9382D4662B90CF170 /* Check Pods Manifest.lock */ = {
			isa = PBXShellScriptBuildPhase;
			buildActionMask = 2147483647;
			files = (
			);
			inputPaths = (
			);
			name = "Check Pods Manifest.lock";
			outputPaths = (
			);
			runOnlyForDeploymentPostprocessing = 0;
			shellPath = /bin/sh;
			shellScript = "diff \"${PODS_ROOT}/../Podfile.lock\" \"${PODS_ROOT}/Manifest.lock\" > /dev/null\nif [[ $? != 0 ]] ; then\n    cat << EOM\nerror: The sandbox is not in sync with the Podfile.lock. Run 'pod install' or update your CocoaPods installation.\nEOM\n    exit 1\nfi\n";
			showEnvVarsInLog = 0;
		};
/* End PBXShellScriptBuildPhase section */

/* Begin PBXSourcesBuildPhase section */
		6003F586195388D20070C39A /* Sources */ = {
			isa = PBXSourcesBuildPhase;
			buildActionMask = 2147483647;
			files = (
				598AFB56199CA339002B5E58 /* DemoTableViewController.m in Sources */,
				6003F59E195388D20070C39A /* LPAppDelegate.m in Sources */,
				598AFB57199CA339002B5E58 /* LabelConfigTableViewCell.m in Sources */,
				6003F5A7195388D20070C39A /* LPViewController.m in Sources */,
				6003F59A195388D20070C39A /* main.m in Sources */,
			);
			runOnlyForDeploymentPostprocessing = 0;
		};
		6003F5AA195388D20070C39A /* Sources */ = {
			isa = PBXSourcesBuildPhase;
			buildActionMask = 2147483647;
			files = (
				6003F5BC195388D20070C39A /* Tests.m in Sources */,
			);
			runOnlyForDeploymentPostprocessing = 0;
		};
/* End PBXSourcesBuildPhase section */

/* Begin PBXTargetDependency section */
		6003F5B4195388D20070C39A /* PBXTargetDependency */ = {
			isa = PBXTargetDependency;
			target = 6003F589195388D20070C39A /* LPAlert */;
			targetProxy = 6003F5B3195388D20070C39A /* PBXContainerItemProxy */;
		};
/* End PBXTargetDependency section */

/* Begin PBXVariantGroup section */
		6003F596195388D20070C39A /* InfoPlist.strings */ = {
			isa = PBXVariantGroup;
			children = (
				6003F597195388D20070C39A /* en */,
			);
			name = InfoPlist.strings;
			sourceTree = "<group>";
		};
		6003F5A2195388D20070C39A /* Main_iPad.storyboard */ = {
			isa = PBXVariantGroup;
			children = (
				6003F5A3195388D20070C39A /* Base */,
			);
			name = Main_iPad.storyboard;
			sourceTree = "<group>";
		};
		6003F5B8195388D20070C39A /* InfoPlist.strings */ = {
			isa = PBXVariantGroup;
			children = (
				6003F5B9195388D20070C39A /* en */,
			);
			name = InfoPlist.strings;
			sourceTree = "<group>";
		};
/* End PBXVariantGroup section */

/* Begin XCBuildConfiguration section */
		6003F5BD195388D20070C39A /* Debug */ = {
			isa = XCBuildConfiguration;
			buildSettings = {
				ALWAYS_SEARCH_USER_PATHS = NO;
				CLANG_CXX_LANGUAGE_STANDARD = "gnu++0x";
				CLANG_CXX_LIBRARY = "libc++";
				CLANG_ENABLE_MODULES = YES;
				CLANG_ENABLE_OBJC_ARC = YES;
				CLANG_WARN_BOOL_CONVERSION = YES;
				CLANG_WARN_CONSTANT_CONVERSION = YES;
				CLANG_WARN_DIRECT_OBJC_ISA_USAGE = YES_ERROR;
				CLANG_WARN_EMPTY_BODY = YES;
				CLANG_WARN_ENUM_CONVERSION = YES;
				CLANG_WARN_INT_CONVERSION = YES;
				CLANG_WARN_OBJC_ROOT_CLASS = YES_ERROR;
				CLANG_WARN__DUPLICATE_METHOD_MATCH = YES;
				"CODE_SIGN_IDENTITY[sdk=iphoneos*]" = "iPhone Developer";
				COPY_PHASE_STRIP = NO;
				GCC_C_LANGUAGE_STANDARD = gnu99;
				GCC_DYNAMIC_NO_PIC = NO;
				GCC_OPTIMIZATION_LEVEL = 0;
				GCC_PREPROCESSOR_DEFINITIONS = (
					"DEBUG=1",
					"$(inherited)",
				);
				GCC_SYMBOLS_PRIVATE_EXTERN = NO;
				GCC_WARN_64_TO_32_BIT_CONVERSION = YES;
				GCC_WARN_ABOUT_RETURN_TYPE = YES_ERROR;
				GCC_WARN_UNDECLARED_SELECTOR = YES;
				GCC_WARN_UNINITIALIZED_AUTOS = YES_AGGRESSIVE;
				GCC_WARN_UNUSED_FUNCTION = YES;
				GCC_WARN_UNUSED_VARIABLE = YES;
				IPHONEOS_DEPLOYMENT_TARGET = 7.1;
				ONLY_ACTIVE_ARCH = YES;
				SDKROOT = iphoneos;
				TARGETED_DEVICE_FAMILY = "1,2";
			};
			name = Debug;
		};
		6003F5BE195388D20070C39A /* Release */ = {
			isa = XCBuildConfiguration;
			buildSettings = {
				ALWAYS_SEARCH_USER_PATHS = NO;
				CLANG_CXX_LANGUAGE_STANDARD = "gnu++0x";
				CLANG_CXX_LIBRARY = "libc++";
				CLANG_ENABLE_MODULES = YES;
				CLANG_ENABLE_OBJC_ARC = YES;
				CLANG_WARN_BOOL_CONVERSION = YES;
				CLANG_WARN_CONSTANT_CONVERSION = YES;
				CLANG_WARN_DIRECT_OBJC_ISA_USAGE = YES_ERROR;
				CLANG_WARN_EMPTY_BODY = YES;
				CLANG_WARN_ENUM_CONVERSION = YES;
				CLANG_WARN_INT_CONVERSION = YES;
				CLANG_WARN_OBJC_ROOT_CLASS = YES_ERROR;
				CLANG_WARN__DUPLICATE_METHOD_MATCH = YES;
				"CODE_SIGN_IDENTITY[sdk=iphoneos*]" = "iPhone Developer";
				COPY_PHASE_STRIP = YES;
				ENABLE_NS_ASSERTIONS = NO;
				GCC_C_LANGUAGE_STANDARD = gnu99;
				GCC_WARN_64_TO_32_BIT_CONVERSION = YES;
				GCC_WARN_ABOUT_RETURN_TYPE = YES_ERROR;
				GCC_WARN_UNDECLARED_SELECTOR = YES;
				GCC_WARN_UNINITIALIZED_AUTOS = YES_AGGRESSIVE;
				GCC_WARN_UNUSED_FUNCTION = YES;
				GCC_WARN_UNUSED_VARIABLE = YES;
				IPHONEOS_DEPLOYMENT_TARGET = 7.1;
				SDKROOT = iphoneos;
				TARGETED_DEVICE_FAMILY = "1,2";
				VALIDATE_PRODUCT = YES;
			};
			name = Release;
		};
		6003F5C0195388D20070C39A /* Debug */ = {
			isa = XCBuildConfiguration;
			baseConfigurationReference = C62543FE927B4C6884DD0B1E /* Pods-LPAlert.xcconfig */;
			buildSettings = {
				ASSETCATALOG_COMPILER_APPICON_NAME = AppIcon;
				ASSETCATALOG_COMPILER_LAUNCHIMAGE_NAME = LaunchImage;
				GCC_PRECOMPILE_PREFIX_HEADER = YES;
				GCC_PREFIX_HEADER = "LPAlert/LPAlert-Prefix.pch";
				INFOPLIST_FILE = "LPAlert/LPAlert-Info.plist";
				PRODUCT_NAME = "$(TARGET_NAME)";
				WRAPPER_EXTENSION = app;
			};
			name = Debug;
		};
		6003F5C1195388D20070C39A /* Release */ = {
			isa = XCBuildConfiguration;
			baseConfigurationReference = C62543FE927B4C6884DD0B1E /* Pods-LPAlert.xcconfig */;
			buildSettings = {
				ASSETCATALOG_COMPILER_APPICON_NAME = AppIcon;
				ASSETCATALOG_COMPILER_LAUNCHIMAGE_NAME = LaunchImage;
				GCC_PRECOMPILE_PREFIX_HEADER = YES;
				GCC_PREFIX_HEADER = "LPAlert/LPAlert-Prefix.pch";
				INFOPLIST_FILE = "LPAlert/LPAlert-Info.plist";
				PRODUCT_NAME = "$(TARGET_NAME)";
				WRAPPER_EXTENSION = app;
			};
			name = Release;
		};
		6003F5C3195388D20070C39A /* Debug */ = {
			isa = XCBuildConfiguration;
			baseConfigurationReference = 37604F22EED945E8B6035AF7 /* Pods-Tests.xcconfig */;
			buildSettings = {
				BUNDLE_LOADER = "$(BUILT_PRODUCTS_DIR)/LPAlert.app/LPAlert";
				FRAMEWORK_SEARCH_PATHS = (
					"$(SDKROOT)/Developer/Library/Frameworks",
					"$(inherited)",
					"$(DEVELOPER_FRAMEWORKS_DIR)",
				);
				GCC_PRECOMPILE_PREFIX_HEADER = YES;
				GCC_PREFIX_HEADER = "Tests/Tests-Prefix.pch";
				GCC_PREPROCESSOR_DEFINITIONS = (
					"DEBUG=1",
					"$(inherited)",
				);
				INFOPLIST_FILE = "Tests/Tests-Info.plist";
				PRODUCT_NAME = "$(TARGET_NAME)";
				TEST_HOST = "$(BUNDLE_LOADER)";
				WRAPPER_EXTENSION = xctest;
			};
			name = Debug;
		};
		6003F5C4195388D20070C39A /* Release */ = {
			isa = XCBuildConfiguration;
			baseConfigurationReference = 37604F22EED945E8B6035AF7 /* Pods-Tests.xcconfig */;
			buildSettings = {
				BUNDLE_LOADER = "$(BUILT_PRODUCTS_DIR)/LPAlert.app/LPAlert";
				FRAMEWORK_SEARCH_PATHS = (
					"$(SDKROOT)/Developer/Library/Frameworks",
					"$(inherited)",
					"$(DEVELOPER_FRAMEWORKS_DIR)",
				);
				GCC_PRECOMPILE_PREFIX_HEADER = YES;
				GCC_PREFIX_HEADER = "Tests/Tests-Prefix.pch";
				INFOPLIST_FILE = "Tests/Tests-Info.plist";
				PRODUCT_NAME = "$(TARGET_NAME)";
				TEST_HOST = "$(BUNDLE_LOADER)";
				WRAPPER_EXTENSION = xctest;
			};
			name = Release;
		};
/* End XCBuildConfiguration section */

/* Begin XCConfigurationList section */
		6003F585195388D10070C39A /* Build configuration list for PBXProject "LPAlert" */ = {
			isa = XCConfigurationList;
			buildConfigurations = (
				6003F5BD195388D20070C39A /* Debug */,
				6003F5BE195388D20070C39A /* Release */,
			);
			defaultConfigurationIsVisible = 0;
			defaultConfigurationName = Release;
		};
		6003F5BF195388D20070C39A /* Build configuration list for PBXNativeTarget "LPAlert" */ = {
			isa = XCConfigurationList;
			buildConfigurations = (
				6003F5C0195388D20070C39A /* Debug */,
				6003F5C1195388D20070C39A /* Release */,
			);
			defaultConfigurationIsVisible = 0;
			defaultConfigurationName = Release;
		};
		6003F5C2195388D20070C39A /* Build configuration list for PBXNativeTarget "Tests" */ = {
			isa = XCConfigurationList;
			buildConfigurations = (
				6003F5C3195388D20070C39A /* Debug */,
				6003F5C4195388D20070C39A /* Release */,
			);
			defaultConfigurationIsVisible = 0;
			defaultConfigurationName = Release;
		};
/* End XCConfigurationList section */
	};
	rootObject = 6003F582195388D10070C39A /* Project object */;
}
